{
  "object": {
    "pins": [
      {
        "package": "Peppermint",
        "repositoryURL": "https://github.com/nsagora/peppermint",
        "state": {
          "branch": null,
          "revision": "7be58b26ef1f1d990833fa439437cc7d3ccd35f4",
          "version": "1.0.0"
        }
      },
      {
        "package": "RegularExpressions",
        "repositoryURL": "https://github.com/Peter-Schorn/RegularExpressions",
        "state": {
          "branch": "master",
          "revision": "0bd4269744f621931721a833b8ad228639d681f3",
          "version": null
        }
      },
      {
        "package": "swift-argument-parser",
        "repositoryURL": "https://github.com/apple/swift-argument-parser",
        "state": {
          "branch": null,
          "revision": "986d191f94cec88f6350056da59c2e59e83d1229",
          "version": "0.4.3"
        }
      },
      {
        "package": "swift-crypto",
        "repositoryURL": "https://github.com/apple/swift-crypto",
        "state": {
          "branch": "main",
          "revision": "22fd38919566816705c57d5f4dd5a97a4edcf25e",
          "version": null
        }
      },
      {
        "package": "SwiftParsec",
        "repositoryURL": "https://github.com/davedufresne/SwiftParsec",
        "state": {
          "branch": "master",
          "revision": "00ae75a5e9e0fc790056a8b8ebdf2a1833e7117a",
          "version": null
        }
      }
    ]
  },
  "version": 1
}
